
Microsoft Visual Studio Solution File, Format Version 12.00
# Visual Studio 14
VisualStudioVersion = 14.0.25420.1
MinimumVisualStudioVersion = 10.0.40219.1
Project("{FAE04EC0-301F-11D3-BF4B-00C04F79EFBC}") = "PlanetsEditor", "PlanetsEditor\PlanetsEditor.csproj", "{7BBA22FF-974B-4BD0-9891-0A6C2D97B9FA}"
EndProject
Project("{FAE04EC0-301F-11D3-BF4B-00C04F79EFBC}") = "PlanetsCore", "..\Assets\Scripts\PlanetsCore\PlanetsCore.csproj", "{8322F4BF-D82C-494D-B813-A2319A70623D}"
EndProject
Global
	GlobalSection(SolutionConfigurationPlatforms) = preSolution
		Debug|Any CPU = Debug|Any CPU
		Release|Any CPU = Release|Any CPU
	EndGlobalSection
	GlobalSection(ProjectConfigurationPlatforms) = postSolution
		{7BBA22FF-974B-4BD0-9891-0A6C2D97B9FA}.Debug|Any CPU.ActiveCfg = Debug|Any CPU
		{7BBA22FF-974B-4BD0-9891-0A6C2D97B9FA}.Debug|Any CPU.Build.0 = Debug|Any CPU
		{7BBA22FF-974B-4BD0-9891-0A6C2D97B9FA}.Release|Any CPU.ActiveCfg = Release|Any CPU
		{7BBA22FF-974B-4BD0-9891-0A6C2D97B9FA}.Release|Any CPU.Build.0 = Release|Any CPU
		{8322F4BF-D82C-494D-B813-A2319A70623D}.Debug|Any CPU.ActiveCfg = Debug|Any CPU
		{8322F4BF-D82C-494D-B813-A2319A70623D}.Debug|Any CPU.Build.0 = Debug|Any CPU
		{8322F4BF-D82C-494D-B813-A2319A70623D}.Release|Any CPU.ActiveCfg = Release|Any CPU
		{8322F4BF-D82C-494D-B813-A2319A70623D}.Release|Any CPU.Build.0 = Release|Any CPU
	EndGlobalSection
	GlobalSection(SolutionProperties) = preSolution
		HideSolutionNode = FALSE
	EndGlobalSection
EndGlobal
